
Microsoft Visual Studio Solution File, Format Version 12.00
# Visual Studio Version 16
VisualStudioVersion = 16.0.29911.84
MinimumVisualStudioVersion = 10.0.40219.1
Project("{FAE04EC0-301F-11D3-BF4B-00C04F79EFBC}") = "BalanceMain", "BalanceMain\BalanceMain.csproj", "{EC147DD3-8B9A-4BE4-AC33-DC57D18F556F}"
EndProject
Project("{FAE04EC0-301F-11D3-BF4B-00C04F79EFBC}") = "EditAddDictionary", "EditAddDictionary\EditAddDictionary.csproj", "{1DD42DFD-1A3E-40AA-A04E-63CC373F511F}"
EndProject
Global
	GlobalSection(SolutionConfigurationPlatforms) = preSolution
		Debug|Any CPU = Debug|Any CPU
		Release|Any CPU = Release|Any CPU
	EndGlobalSection
	GlobalSection(ProjectConfigurationPlatforms) = postSolution
		{EC147DD3-8B9A-4BE4-AC33-DC57D18F556F}.Debug|Any CPU.ActiveCfg = Debug|Any CPU
		{EC147DD3-8B9A-4BE4-AC33-DC57D18F556F}.Debug|Any CPU.Build.0 = Debug|Any CPU
		{EC147DD3-8B9A-4BE4-AC33-DC57D18F556F}.Release|Any CPU.ActiveCfg = Release|Any CPU
		{EC147DD3-8B9A-4BE4-AC33-DC57D18F556F}.Release|Any CPU.Build.0 = Release|Any CPU
		{1DD42DFD-1A3E-40AA-A04E-63CC373F511F}.Debug|Any CPU.ActiveCfg = Debug|Any CPU
		{1DD42DFD-1A3E-40AA-A04E-63CC373F511F}.Debug|Any CPU.Build.0 = Debug|Any CPU
		{1DD42DFD-1A3E-40AA-A04E-63CC373F511F}.Release|Any CPU.ActiveCfg = Release|Any CPU
		{1DD42DFD-1A3E-40AA-A04E-63CC373F511F}.Release|Any CPU.Build.0 = Release|Any CPU
	EndGlobalSection
	GlobalSection(SolutionProperties) = preSolution
		HideSolutionNode = FALSE
	EndGlobalSection
	GlobalSection(ExtensibilityGlobals) = postSolution
		SolutionGuid = {D96F33DF-8767-4F61-BBB4-2066C7AD031F}
	EndGlobalSection
EndGlobal
