
Microsoft Visual Studio Solution File, Format Version 12.00
# Visual Studio Version 16
VisualStudioVersion = 16.0.30406.217
MinimumVisualStudioVersion = 10.0.40219.1
Project("{FAE04EC0-301F-11D3-BF4B-00C04F79EFBC}") = "Balance.Dictionary.WPF", "Balance.WPF\Balance.Dictionary.WPF.csproj", "{6C43E7A9-A418-4DA0-AFEA-8DB244C66B01}"
EndProject
Project("{FAE04EC0-301F-11D3-BF4B-00C04F79EFBC}") = "Balance.Model", "Balance.Model\Balance.Model.csproj", "{DD40722B-F3A4-4D1C-B393-5B81AA973075}"
EndProject
Project("{FAE04EC0-301F-11D3-BF4B-00C04F79EFBC}") = "Balance.DAL", "Balance.DAL\Balance.DAL.csproj", "{807BB36E-FDFA-4683-BC5E-2490DFDD8E3D}"
EndProject
Project("{FAE04EC0-301F-11D3-BF4B-00C04F79EFBC}") = "Balance.BL", "Balance.BL\Balance.BL.csproj", "{B02E8EBB-7759-43D5-8456-A641029E1C8F}"
EndProject
Global
	GlobalSection(SolutionConfigurationPlatforms) = preSolution
		Debug|Any CPU = Debug|Any CPU
		Release|Any CPU = Release|Any CPU
	EndGlobalSection
	GlobalSection(ProjectConfigurationPlatforms) = postSolution
		{6C43E7A9-A418-4DA0-AFEA-8DB244C66B01}.Debug|Any CPU.ActiveCfg = Debug|Any CPU
		{6C43E7A9-A418-4DA0-AFEA-8DB244C66B01}.Debug|Any CPU.Build.0 = Debug|Any CPU
		{6C43E7A9-A418-4DA0-AFEA-8DB244C66B01}.Release|Any CPU.ActiveCfg = Release|Any CPU
		{6C43E7A9-A418-4DA0-AFEA-8DB244C66B01}.Release|Any CPU.Build.0 = Release|Any CPU
		{DD40722B-F3A4-4D1C-B393-5B81AA973075}.Debug|Any CPU.ActiveCfg = Debug|Any CPU
		{DD40722B-F3A4-4D1C-B393-5B81AA973075}.Debug|Any CPU.Build.0 = Debug|Any CPU
		{DD40722B-F3A4-4D1C-B393-5B81AA973075}.Release|Any CPU.ActiveCfg = Release|Any CPU
		{DD40722B-F3A4-4D1C-B393-5B81AA973075}.Release|Any CPU.Build.0 = Release|Any CPU
		{807BB36E-FDFA-4683-BC5E-2490DFDD8E3D}.Debug|Any CPU.ActiveCfg = Debug|Any CPU
		{807BB36E-FDFA-4683-BC5E-2490DFDD8E3D}.Debug|Any CPU.Build.0 = Debug|Any CPU
		{807BB36E-FDFA-4683-BC5E-2490DFDD8E3D}.Release|Any CPU.ActiveCfg = Release|Any CPU
		{807BB36E-FDFA-4683-BC5E-2490DFDD8E3D}.Release|Any CPU.Build.0 = Release|Any CPU
		{B02E8EBB-7759-43D5-8456-A641029E1C8F}.Debug|Any CPU.ActiveCfg = Debug|Any CPU
		{B02E8EBB-7759-43D5-8456-A641029E1C8F}.Debug|Any CPU.Build.0 = Debug|Any CPU
		{B02E8EBB-7759-43D5-8456-A641029E1C8F}.Release|Any CPU.ActiveCfg = Release|Any CPU
		{B02E8EBB-7759-43D5-8456-A641029E1C8F}.Release|Any CPU.Build.0 = Release|Any CPU
	EndGlobalSection
	GlobalSection(SolutionProperties) = preSolution
		HideSolutionNode = FALSE
	EndGlobalSection
	GlobalSection(ExtensibilityGlobals) = postSolution
		SolutionGuid = {5E88FEE6-B9CE-4BA3-862E-9B24B3DF0C0C}
	EndGlobalSection
EndGlobal
