
Microsoft Visual Studio Solution File, Format Version 12.00
# Visual Studio Version 16
VisualStudioVersion = 16.0.30406.217
MinimumVisualStudioVersion = 10.0.40219.1
Project("{FAE04EC0-301F-11D3-BF4B-00C04F79EFBC}") = "Meccanici", "Meccanici\Meccanici.csproj", "{2D51D041-C78A-4460-8A14-C01895750F24}"
EndProject
Global
	GlobalSection(SolutionConfigurationPlatforms) = preSolution
		Debug|Any CPU = Debug|Any CPU
		Release|Any CPU = Release|Any CPU
	EndGlobalSection
	GlobalSection(ProjectConfigurationPlatforms) = postSolution
		{2D51D041-C78A-4460-8A14-C01895750F24}.Debug|Any CPU.ActiveCfg = Debug|Any CPU
		{2D51D041-C78A-4460-8A14-C01895750F24}.Debug|Any CPU.Build.0 = Debug|Any CPU
		{2D51D041-C78A-4460-8A14-C01895750F24}.Release|Any CPU.ActiveCfg = Release|Any CPU
		{2D51D041-C78A-4460-8A14-C01895750F24}.Release|Any CPU.Build.0 = Release|Any CPU
	EndGlobalSection
	GlobalSection(SolutionProperties) = preSolution
		HideSolutionNode = FALSE
	EndGlobalSection
	GlobalSection(ExtensibilityGlobals) = postSolution
		SolutionGuid = {CC834ECC-77CC-4DA7-AE9E-A30EDDB209F8}
	EndGlobalSection
EndGlobal
